// !$*UTF8*$!
{
	archiveVersion = 1;
	classes = {
	};
	objectVersion = 51;
	objects = {

/* Begin PBXBuildFile section */
		4416C63325743E3300DB7109 /* InfViewController.swift in Sources */ = {isa = PBXBuildFile; fileRef = 4416C63225743E3300DB7109 /* InfViewController.swift */; };
		442CF2FD253DEBB0005FC60F /* ViewController2.swift in Sources */ = {isa = PBXBuildFile; fileRef = 442CF2FC253DEBB0005FC60F /* ViewController2.swift */; };
		443B774A253B882A008C04F8 /* AppDelegate.swift in Sources */ = {isa = PBXBuildFile; fileRef = 443B7749253B882A008C04F8 /* AppDelegate.swift */; };
		443B774C253B882A008C04F8 /* SceneDelegate.swift in Sources */ = {isa = PBXBuildFile; fileRef = 443B774B253B882A008C04F8 /* SceneDelegate.swift */; };
		443B774E253B882A008C04F8 /* ViewController.swift in Sources */ = {isa = PBXBuildFile; fileRef = 443B774D253B882A008C04F8 /* ViewController.swift */; };
		443B7751253B882A008C04F8 /* Main.storyboard in Resources */ = {isa = PBXBuildFile; fileRef = 443B774F253B882A008C04F8 /* Main.storyboard */; };
		443B7753253B882E008C04F8 /* Assets.xcassets in Resources */ = {isa = PBXBuildFile; fileRef = 443B7752253B882E008C04F8 /* Assets.xcassets */; };
		443B7756253B882E008C04F8 /* LaunchScreen.storyboard in Resources */ = {isa = PBXBuildFile; fileRef = 443B7754253B882E008C04F8 /* LaunchScreen.storyboard */; };
		443B775F253B8A1C008C04F8 /* GoogleService-Info.plist in Resources */ = {isa = PBXBuildFile; fileRef = 443B775E253B8A1C008C04F8 /* GoogleService-Info.plist */; };
		446144BD256C49C700939AED /* WinViewController.swift in Sources */ = {isa = PBXBuildFile; fileRef = 446144BC256C49C700939AED /* WinViewController.swift */; };
		446144D2256C6FA800939AED /* doh.wav in Resources */ = {isa = PBXBuildFile; fileRef = 446144D1256C6FA800939AED /* doh.wav */; };
		4463B07B256BA850003650F5 /* cheer.wav in Resources */ = {isa = PBXBuildFile; fileRef = 4463B07A256BA850003650F5 /* cheer.wav */; };
		447A572F256BBE2F00056186 /* stars.sks in Resources */ = {isa = PBXBuildFile; fileRef = 447A572E256BBE2F00056186 /* stars.sks */; };
		44DA6A75254DE25B007C5303 /* bgmusic.mp3 in Resources */ = {isa = PBXBuildFile; fileRef = 44DA6A74254DE25B007C5303 /* bgmusic.mp3 */; };
		44DA6A79254DEE79007C5303 /* yay.wav in Resources */ = {isa = PBXBuildFile; fileRef = 44DA6A78254DEE79007C5303 /* yay.wav */; };
		D9EBD56C861C331195A3BBA5 /* Pods_AniPlay.framework in Frameworks */ = {isa = PBXBuildFile; fileRef = F1FC2B735BE06F5D860670B1 /* Pods_AniPlay.framework */; };
/* End PBXBuildFile section */

/* Begin PBXFileReference section */
		09392D20D26E4808D81CC4D5 /* Pods-AniPlay.release.xcconfig */ = {isa = PBXFileReference; includeInIndex = 1; lastKnownFileType = text.xcconfig; name = "Pods-AniPlay.release.xcconfig"; path = "Target Support Files/Pods-AniPlay/Pods-AniPlay.release.xcconfig"; sourceTree = "<group>"; };
		4416C63225743E3300DB7109 /* InfViewController.swift */ = {isa = PBXFileReference; lastKnownFileType = sourcecode.swift; path = InfViewController.swift; sourceTree = "<group>"; };
		442CF2FC253DEBB0005FC60F /* ViewController2.swift */ = {isa = PBXFileReference; lastKnownFileType = sourcecode.swift; path = ViewController2.swift; sourceTree = "<group>"; };
		443B7746253B882A008C04F8 /* AniPlay.app */ = {isa = PBXFileReference; explicitFileType = wrapper.application; includeInIndex = 0; path = AniPlay.app; sourceTree = BUILT_PRODUCTS_DIR; };
		443B7749253B882A008C04F8 /* AppDelegate.swift */ = {isa = PBXFileReference; lastKnownFileType = sourcecode.swift; path = AppDelegate.swift; sourceTree = "<group>"; };
		443B774B253B882A008C04F8 /* SceneDelegate.swift */ = {isa = PBXFileReference; lastKnownFileType = sourcecode.swift; path = SceneDelegate.swift; sourceTree = "<group>"; };
		443B774D253B882A008C04F8 /* ViewController.swift */ = {isa = PBXFileReference; lastKnownFileType = sourcecode.swift; path = ViewController.swift; sourceTree = "<group>"; };
		443B7750253B882A008C04F8 /* Base */ = {isa = PBXFileReference; lastKnownFileType = file.storyboard; name = Base; path = Base.lproj/Main.storyboard; sourceTree = "<group>"; };
		443B7752253B882E008C04F8 /* Assets.xcassets */ = {isa = PBXFileReference; lastKnownFileType = folder.assetcatalog; path = Assets.xcassets; sourceTree = "<group>"; };
		443B7755253B882E008C04F8 /* Base */ = {isa = PBXFileReference; lastKnownFileType = file.storyboard; name = Base; path = Base.lproj/LaunchScreen.storyboard; sourceTree = "<group>"; };
		443B7757253B882E008C04F8 /* Info.plist */ = {isa = PBXFileReference; lastKnownFileType = text.plist.xml; path = Info.plist; sourceTree = "<group>"; };
		443B775E253B8A1C008C04F8 /* GoogleService-Info.plist */ = {isa = PBXFileReference; fileEncoding = 4; lastKnownFileType = text.plist.xml; path = "GoogleService-Info.plist"; sourceTree = "<group>"; };
		446144BC256C49C700939AED /* WinViewController.swift */ = {isa = PBXFileReference; lastKnownFileType = sourcecode.swift; path = WinViewController.swift; sourceTree = "<group>"; };
		446144D1256C6FA800939AED /* doh.wav */ = {isa = PBXFileReference; lastKnownFileType = audio.wav; name = doh.wav; path = ../../../../../Downloads/doh.wav; sourceTree = "<group>"; };
		4463B07A256BA850003650F5 /* cheer.wav */ = {isa = PBXFileReference; lastKnownFileType = audio.wav; name = cheer.wav; path = ../cheer.wav; sourceTree = "<group>"; };
		447A572E256BBE2F00056186 /* stars.sks */ = {isa = PBXFileReference; lastKnownFileType = file.sks; path = stars.sks; sourceTree = "<group>"; };
		44DA6A74254DE25B007C5303 /* bgmusic.mp3 */ = {isa = PBXFileReference; lastKnownFileType = audio.mp3; path = bgmusic.mp3; sourceTree = "<group>"; };
		44DA6A78254DEE79007C5303 /* yay.wav */ = {isa = PBXFileReference; lastKnownFileType = audio.wav; path = yay.wav; sourceTree = "<group>"; };
		8FD197F9903D45BEF56A4FF8 /* Pods-AniPlay.debug.xcconfig */ = {isa = PBXFileReference; includeInIndex = 1; lastKnownFileType = text.xcconfig; name = "Pods-AniPlay.debug.xcconfig"; path = "Target Support Files/Pods-AniPlay/Pods-AniPlay.debug.xcconfig"; sourceTree = "<group>"; };
		F1FC2B735BE06F5D860670B1 /* Pods_AniPlay.framework */ = {isa = PBXFileReference; explicitFileType = wrapper.framework; includeInIndex = 0; path = Pods_AniPlay.framework; sourceTree = BUILT_PRODUCTS_DIR; };
/* End PBXFileReference section */

/* Begin PBXFrameworksBuildPhase section */
		443B7743253B882A008C04F8 /* Frameworks */ = {
			isa = PBXFrameworksBuildPhase;
			buildActionMask = 2147483647;
			files = (
				D9EBD56C861C331195A3BBA5 /* Pods_AniPlay.framework in Frameworks */,
			);
			runOnlyForDeploymentPostprocessing = 0;
		};
/* End PBXFrameworksBuildPhase section */

/* Begin PBXGroup section */
		0063A16BD21B92EA544A29E5 /* Pods */ = {
			isa = PBXGroup;
			children = (
				8FD197F9903D45BEF56A4FF8 /* Pods-AniPlay.debug.xcconfig */,
				09392D20D26E4808D81CC4D5 /* Pods-AniPlay.release.xcconfig */,
			);
			path = Pods;
			sourceTree = "<group>";
		};
		443B773D253B882A008C04F8 = {
			isa = PBXGroup;
			children = (
				443B7748253B882A008C04F8 /* AniPlay */,
				443B7747253B882A008C04F8 /* Products */,
				0063A16BD21B92EA544A29E5 /* Pods */,
				E8FD3A994B4947BD91DA63D7 /* Frameworks */,
			);
			sourceTree = "<group>";
		};
		443B7747253B882A008C04F8 /* Products */ = {
			isa = PBXGroup;
			children = (
				443B7746253B882A008C04F8 /* AniPlay.app */,
			);
			name = Products;
			sourceTree = "<group>";
		};
		443B7748253B882A008C04F8 /* AniPlay */ = {
			isa = PBXGroup;
			children = (
				4416C63225743E3300DB7109 /* InfViewController.swift */,
				447A572E256BBE2F00056186 /* stars.sks */,
				443B7749253B882A008C04F8 /* AppDelegate.swift */,
				443B774B253B882A008C04F8 /* SceneDelegate.swift */,
				443B774D253B882A008C04F8 /* ViewController.swift */,
				442CF2FC253DEBB0005FC60F /* ViewController2.swift */,
				443B775E253B8A1C008C04F8 /* GoogleService-Info.plist */,
				446144BC256C49C700939AED /* WinViewController.swift */,
				443B774F253B882A008C04F8 /* Main.storyboard */,
				443B7752253B882E008C04F8 /* Assets.xcassets */,
				443B7754253B882E008C04F8 /* LaunchScreen.storyboard */,
				443B7757253B882E008C04F8 /* Info.plist */,
				44DA6A73254DE236007C5303 /* Sounds */,
			);
			path = AniPlay;
			sourceTree = "<group>";
		};
		44DA6A73254DE236007C5303 /* Sounds */ = {
			isa = PBXGroup;
			children = (
				446144D1256C6FA800939AED /* doh.wav */,
				4463B07A256BA850003650F5 /* cheer.wav */,
				44DA6A78254DEE79007C5303 /* yay.wav */,
				44DA6A74254DE25B007C5303 /* bgmusic.mp3 */,
			);
			path = Sounds;
			sourceTree = "<group>";
		};
		E8FD3A994B4947BD91DA63D7 /* Frameworks */ = {
			isa = PBXGroup;
			children = (
				F1FC2B735BE06F5D860670B1 /* Pods_AniPlay.framework */,
			);
			name = Frameworks;
			sourceTree = "<group>";
		};
/* End PBXGroup section */

/* Begin PBXNativeTarget section */
		443B7745253B882A008C04F8 /* AniPlay */ = {
			isa = PBXNativeTarget;
			buildConfigurationList = 443B775A253B882E008C04F8 /* Build configuration list for PBXNativeTarget "AniPlay" */;
			buildPhases = (
				AABDFA144AEF8184049514B6 /* [CP] Check Pods Manifest.lock */,
				443B7742253B882A008C04F8 /* Sources */,
				443B7743253B882A008C04F8 /* Frameworks */,
				443B7744253B882A008C04F8 /* Resources */,
				2911E2F0C651D6B7E0385F9A /* [CP] Embed Pods Frameworks */,
				18FFE154077017AD1933BF42 /* [CP] Copy Pods Resources */,
			);
			buildRules = (
			);
			dependencies = (
			);
			name = AniPlay;
			productName = AniPlay;
			productReference = 443B7746253B882A008C04F8 /* AniPlay.app */;
			productType = "com.apple.product-type.application";
		};
/* End PBXNativeTarget section */

/* Begin PBXProject section */
		443B773E253B882A008C04F8 /* Project object */ = {
			isa = PBXProject;
			attributes = {
				LastSwiftUpdateCheck = 1200;
				LastUpgradeCheck = 1200;
				TargetAttributes = {
					443B7745253B882A008C04F8 = {
						CreatedOnToolsVersion = 12.0.1;
					};
				};
			};
			buildConfigurationList = 443B7741253B882A008C04F8 /* Build configuration list for PBXProject "AniPlay" */;
			compatibilityVersion = "Xcode 9.3";
			developmentRegion = en;
			hasScannedForEncodings = 0;
			knownRegions = (
				en,
				Base,
			);
			mainGroup = 443B773D253B882A008C04F8;
			productRefGroup = 443B7747253B882A008C04F8 /* Products */;
			projectDirPath = "";
			projectRoot = "";
			targets = (
				443B7745253B882A008C04F8 /* AniPlay */,
			);
		};
/* End PBXProject section */

/* Begin PBXResourcesBuildPhase section */
		443B7744253B882A008C04F8 /* Resources */ = {
			isa = PBXResourcesBuildPhase;
			buildActionMask = 2147483647;
			files = (
				44DA6A79254DEE79007C5303 /* yay.wav in Resources */,
				44DA6A75254DE25B007C5303 /* bgmusic.mp3 in Resources */,
				4463B07B256BA850003650F5 /* cheer.wav in Resources */,
				446144D2256C6FA800939AED /* doh.wav in Resources */,
				443B7756253B882E008C04F8 /* LaunchScreen.storyboard in Resources */,
				443B775F253B8A1C008C04F8 /* GoogleService-Info.plist in Resources */,
				443B7753253B882E008C04F8 /* Assets.xcassets in Resources */,
				443B7751253B882A008C04F8 /* Main.storyboard in Resources */,
				447A572F256BBE2F00056186 /* stars.sks in Resources */,
			);
			runOnlyForDeploymentPostprocessing = 0;
		};
/* End PBXResourcesBuildPhase section */

/* Begin PBXShellScriptBuildPhase section */
		18FFE154077017AD1933BF42 /* [CP] Copy Pods Resources */ = {
			isa = PBXShellScriptBuildPhase;
			buildActionMask = 2147483647;
			files = (
			);
			inputFileListPaths = (
				"${PODS_ROOT}/Target Support Files/Pods-AniPlay/Pods-AniPlay-resources-${CONFIGURATION}-input-files.xcfilelist",
			);
			name = "[CP] Copy Pods Resources";
			outputFileListPaths = (
				"${PODS_ROOT}/Target Support Files/Pods-AniPlay/Pods-AniPlay-resources-${CONFIGURATION}-output-files.xcfilelist",
			);
			runOnlyForDeploymentPostprocessing = 0;
			shellPath = /bin/sh;
			shellScript = "\"${PODS_ROOT}/Target Support Files/Pods-AniPlay/Pods-AniPlay-resources.sh\"\n";
			showEnvVarsInLog = 0;
		};
		2911E2F0C651D6B7E0385F9A /* [CP] Embed Pods Frameworks */ = {
			isa = PBXShellScriptBuildPhase;
			buildActionMask = 2147483647;
			files = (
			);
			inputFileListPaths = (
				"${PODS_ROOT}/Target Support Files/Pods-AniPlay/Pods-AniPlay-frameworks-${CONFIGURATION}-input-files.xcfilelist",
			);
			name = "[CP] Embed Pods Frameworks";
			outputFileListPaths = (
				"${PODS_ROOT}/Target Support Files/Pods-AniPlay/Pods-AniPlay-frameworks-${CONFIGURATION}-output-files.xcfilelist",
			);
			runOnlyForDeploymentPostprocessing = 0;
			shellPath = /bin/sh;
			shellScript = "\"${PODS_ROOT}/Target Support Files/Pods-AniPlay/Pods-AniPlay-frameworks.sh\"\n";
			showEnvVarsInLog = 0;
		};
		AABDFA144AEF8184049514B6 /* [CP] Check Pods Manifest.lock */ = {
			isa = PBXShellScriptBuildPhase;
			buildActionMask = 2147483647;
			files = (
			);
			inputFileListPaths = (
			);
			inputPaths = (
				"${PODS_PODFILE_DIR_PATH}/Podfile.lock",
				"${PODS_ROOT}/Manifest.lock",
			);
			name = "[CP] Check Pods Manifest.lock";
			outputFileListPaths = (
			);
			outputPaths = (
				"$(DERIVED_FILE_DIR)/Pods-AniPlay-checkManifestLockResult.txt",
			);
			runOnlyForDeploymentPostprocessing = 0;
			shellPath = /bin/sh;
			shellScript = "diff \"${PODS_PODFILE_DIR_PATH}/Podfile.lock\" \"${PODS_ROOT}/Manifest.lock\" > /dev/null\nif [ $? != 0 ] ; then\n    # print error to STDERR\n    echo \"error: The sandbox is not in sync with the Podfile.lock. Run 'pod install' or update your CocoaPods installation.\" >&2\n    exit 1\nfi\n# This output is used by Xcode 'outputs' to avoid re-running this script phase.\necho \"SUCCESS\" > \"${SCRIPT_OUTPUT_FILE_0}\"\n";
			showEnvVarsInLog = 0;
		};
/* End PBXShellScriptBuildPhase section */

/* Begin PBXSourcesBuildPhase section */
		443B7742253B882A008C04F8 /* Sources */ = {
			isa = PBXSourcesBuildPhase;
			buildActionMask = 2147483647;
			files = (
				443B774E253B882A008C04F8 /* ViewController.swift in Sources */,
				443B774A253B882A008C04F8 /* AppDelegate.swift in Sources */,
				443B774C253B882A008C04F8 /* SceneDelegate.swift in Sources */,
				442CF2FD253DEBB0005FC60F /* ViewController2.swift in Sources */,
				4416C63325743E3300DB7109 /* InfViewController.swift in Sources */,
				446144BD256C49C700939AED /* WinViewController.swift in Sources */,
			);
			runOnlyForDeploymentPostprocessing = 0;
		};
/* End PBXSourcesBuildPhase section */

/* Begin PBXVariantGroup section */
		443B774F253B882A008C04F8 /* Main.storyboard */ = {
			isa = PBXVariantGroup;
			children = (
				443B7750253B882A008C04F8 /* Base */,
			);
			name = Main.storyboard;
			sourceTree = "<group>";
		};
		443B7754253B882E008C04F8 /* LaunchScreen.storyboard */ = {
			isa = PBXVariantGroup;
			children = (
				443B7755253B882E008C04F8 /* Base */,
			);
			name = LaunchScreen.storyboard;
			sourceTree = "<group>";
		};
/* End PBXVariantGroup section */

/* Begin XCBuildConfiguration section */
		443B7758253B882E008C04F8 /* Debug */ = {
			isa = XCBuildConfiguration;
			buildSettings = {
				ALWAYS_SEARCH_USER_PATHS = NO;
				CLANG_ANALYZER_NONNULL = YES;
				CLANG_ANALYZER_NUMBER_OBJECT_CONVERSION = YES_AGGRESSIVE;
				CLANG_CXX_LANGUAGE_STANDARD = "gnu++14";
				CLANG_CXX_LIBRARY = "libc++";
				CLANG_ENABLE_MODULES = YES;
				CLANG_ENABLE_OBJC_ARC = YES;
				CLANG_ENABLE_OBJC_WEAK = YES;
				CLANG_WARN_BLOCK_CAPTURE_AUTORELEASING = YES;
				CLANG_WARN_BOOL_CONVERSION = YES;
				CLANG_WARN_COMMA = YES;
				CLANG_WARN_CONSTANT_CONVERSION = YES;
				CLANG_WARN_DEPRECATED_OBJC_IMPLEMENTATIONS = YES;
				CLANG_WARN_DIRECT_OBJC_ISA_USAGE = YES_ERROR;
				CLANG_WARN_DOCUMENTATION_COMMENTS = YES;
				CLANG_WARN_EMPTY_BODY = YES;
				CLANG_WARN_ENUM_CONVERSION = YES;
				CLANG_WARN_INFINITE_RECURSION = YES;
				CLANG_WARN_INT_CONVERSION = YES;
				CLANG_WARN_NON_LITERAL_NULL_CONVERSION = YES;
				CLANG_WARN_OBJC_IMPLICIT_RETAIN_SELF = YES;
				CLANG_WARN_OBJC_LITERAL_CONVERSION = YES;
				CLANG_WARN_OBJC_ROOT_CLASS = YES_ERROR;
				CLANG_WARN_QUOTED_INCLUDE_IN_FRAMEWORK_HEADER = YES;
				CLANG_WARN_RANGE_LOOP_ANALYSIS = YES;
				CLANG_WARN_STRICT_PROTOTYPES = YES;
				CLANG_WARN_SUSPICIOUS_MOVE = YES;
				CLANG_WARN_UNGUARDED_AVAILABILITY = YES_AGGRESSIVE;
				CLANG_WARN_UNREACHABLE_CODE = YES;
				CLANG_WARN__DUPLICATE_METHOD_MATCH = YES;
				COPY_PHASE_STRIP = NO;
				DEBUG_INFORMATION_FORMAT = dwarf;
				ENABLE_STRICT_OBJC_MSGSEND = YES;
				ENABLE_TESTABILITY = YES;
				GCC_C_LANGUAGE_STANDARD = gnu11;
				GCC_DYNAMIC_NO_PIC = NO;
				GCC_NO_COMMON_BLOCKS = YES;
				GCC_OPTIMIZATION_LEVEL = 0;
				GCC_PREPROCESSOR_DEFINITIONS = (
					"DEBUG=1",
					"$(inherited)",
				);
				GCC_WARN_64_TO_32_BIT_CONVERSION = YES;
				GCC_WARN_ABOUT_RETURN_TYPE = YES_ERROR;
				GCC_WARN_UNDECLARED_SELECTOR = YES;
				GCC_WARN_UNINITIALIZED_AUTOS = YES_AGGRESSIVE;
				GCC_WARN_UNUSED_FUNCTION = YES;
				GCC_WARN_UNUSED_VARIABLE = YES;
				IPHONEOS_DEPLOYMENT_TARGET = 14.0;
				MTL_ENABLE_DEBUG_INFO = INCLUDE_SOURCE;
				MTL_FAST_MATH = YES;
				ONLY_ACTIVE_ARCH = YES;
				SDKROOT = iphoneos;
				SWIFT_ACTIVE_COMPILATION_CONDITIONS = DEBUG;
				SWIFT_OPTIMIZATION_LEVEL = "-Onone";
				TARGETED_DEVICE_FAMILY = "1,2";
			};
			name = Debug;
		};
		443B7759253B882E008C04F8 /* Release */ = {
			isa = XCBuildConfiguration;
			buildSettings = {
				ALWAYS_SEARCH_USER_PATHS = NO;
				CLANG_ANALYZER_NONNULL = YES;
				CLANG_ANALYZER_NUMBER_OBJECT_CONVERSION = YES_AGGRESSIVE;
				CLANG_CXX_LANGUAGE_STANDARD = "gnu++14";
				CLANG_CXX_LIBRARY = "libc++";
				CLANG_ENABLE_MODULES = YES;
				CLANG_ENABLE_OBJC_ARC = YES;
				CLANG_ENABLE_OBJC_WEAK = YES;
				CLANG_WARN_BLOCK_CAPTURE_AUTORELEASING = YES;
				CLANG_WARN_BOOL_CONVERSION = YES;
				CLANG_WARN_COMMA = YES;
				CLANG_WARN_CONSTANT_CONVERSION = YES;
				CLANG_WARN_DEPRECATED_OBJC_IMPLEMENTATIONS = YES;
				CLANG_WARN_DIRECT_OBJC_ISA_USAGE = YES_ERROR;
				CLANG_WARN_DOCUMENTATION_COMMENTS = YES;
				CLANG_WARN_EMPTY_BODY = YES;
				CLANG_WARN_ENUM_CONVERSION = YES;
				CLANG_WARN_INFINITE_RECURSION = YES;
				CLANG_WARN_INT_CONVERSION = YES;
				CLANG_WARN_NON_LITERAL_NULL_CONVERSION = YES;
				CLANG_WARN_OBJC_IMPLICIT_RETAIN_SELF = YES;
				CLANG_WARN_OBJC_LITERAL_CONVERSION = YES;
				CLANG_WARN_OBJC_ROOT_CLASS = YES_ERROR;
				CLANG_WARN_QUOTED_INCLUDE_IN_FRAMEWORK_HEADER = YES;
				CLANG_WARN_RANGE_LOOP_ANALYSIS = YES;
				CLANG_WARN_STRICT_PROTOTYPES = YES;
				CLANG_WARN_SUSPICIOUS_MOVE = YES;
				CLANG_WARN_UNGUARDED_AVAILABILITY = YES_AGGRESSIVE;
				CLANG_WARN_UNREACHABLE_CODE = YES;
				CLANG_WARN__DUPLICATE_METHOD_MATCH = YES;
				COPY_PHASE_STRIP = NO;
				DEBUG_INFORMATION_FORMAT = "dwarf-with-dsym";
				ENABLE_NS_ASSERTIONS = NO;
				ENABLE_STRICT_OBJC_MSGSEND = YES;
				GCC_C_LANGUAGE_STANDARD = gnu11;
				GCC_NO_COMMON_BLOCKS = YES;
				GCC_WARN_64_TO_32_BIT_CONVERSION = YES;
				GCC_WARN_ABOUT_RETURN_TYPE = YES_ERROR;
				GCC_WARN_UNDECLARED_SELECTOR = YES;
				GCC_WARN_UNINITIALIZED_AUTOS = YES_AGGRESSIVE;
				GCC_WARN_UNUSED_FUNCTION = YES;
				GCC_WARN_UNUSED_VARIABLE = YES;
				IPHONEOS_DEPLOYMENT_TARGET = 14.0;
				MTL_ENABLE_DEBUG_INFO = NO;
				MTL_FAST_MATH = YES;
				SDKROOT = iphoneos;
				SWIFT_COMPILATION_MODE = wholemodule;
				SWIFT_OPTIMIZATION_LEVEL = "-O";
				TARGETED_DEVICE_FAMILY = "1,2";
				VALIDATE_PRODUCT = YES;
			};
			name = Release;
		};
		443B775B253B882E008C04F8 /* Debug */ = {
			isa = XCBuildConfiguration;
			baseConfigurationReference = 8FD197F9903D45BEF56A4FF8 /* Pods-AniPlay.debug.xcconfig */;
			buildSettings = {
				ASSETCATALOG_COMPILER_APPICON_NAME = AppIcon;
				ASSETCATALOG_COMPILER_GLOBAL_ACCENT_COLOR_NAME = AccentColor;
				CODE_SIGN_STYLE = Automatic;
				DEVELOPMENT_TEAM = L8MQA244HK;
				INFOPLIST_FILE = AniPlay/Info.plist;
				LD_RUNPATH_SEARCH_PATHS = (
					"$(inherited)",
					"@executable_path/Frameworks",
				);
				PRODUCT_BUNDLE_IDENTIFIER = se.jessiG.AniPlay;
				PRODUCT_NAME = "$(TARGET_NAME)";
				SWIFT_VERSION = 5.0;
				TARGETED_DEVICE_FAMILY = "1,2";
			};
			name = Debug;
		};
		443B775C253B882E008C04F8 /* Release */ = {
			isa = XCBuildConfiguration;
			baseConfigurationReference = 09392D20D26E4808D81CC4D5 /* Pods-AniPlay.release.xcconfig */;
			buildSettings = {
				ASSETCATALOG_COMPILER_APPICON_NAME = AppIcon;
				ASSETCATALOG_COMPILER_GLOBAL_ACCENT_COLOR_NAME = AccentColor;
				CODE_SIGN_STYLE = Automatic;
				DEVELOPMENT_TEAM = L8MQA244HK;
				INFOPLIST_FILE = AniPlay/Info.plist;
				LD_RUNPATH_SEARCH_PATHS = (
					"$(inherited)",
					"@executable_path/Frameworks",
				);
				PRODUCT_BUNDLE_IDENTIFIER = se.jessiG.AniPlay;
				PRODUCT_NAME = "$(TARGET_NAME)";
				SWIFT_VERSION = 5.0;
				TARGETED_DEVICE_FAMILY = "1,2";
			};
			name = Release;
		};
/* End XCBuildConfiguration section */

/* Begin XCConfigurationList section */
		443B7741253B882A008C04F8 /* Build configuration list for PBXProject "AniPlay" */ = {
			isa = XCConfigurationList;
			buildConfigurations = (
				443B7758253B882E008C04F8 /* Debug */,
				443B7759253B882E008C04F8 /* Release */,
			);
			defaultConfigurationIsVisible = 0;
			defaultConfigurationName = Release;
		};
		443B775A253B882E008C04F8 /* Build configuration list for PBXNativeTarget "AniPlay" */ = {
			isa = XCConfigurationList;
			buildConfigurations = (
				443B775B253B882E008C04F8 /* Debug */,
				443B775C253B882E008C04F8 /* Release */,
			);
			defaultConfigurationIsVisible = 0;
			defaultConfigurationName = Release;
		};
/* End XCConfigurationList section */
	};
	rootObject = 443B773E253B882A008C04F8 /* Project object */;
}
